{"1.1.0",
[{<<"accept">>,{pkg,<<"accept">>,<<"0.3.0">>},1},
 {<<"acceptor_pool">>,{pkg,<<"acceptor_pool">>,<<"1.0.0-rc.0">>},0},
 {<<"cf">>,{pkg,<<"cf">>,<<"0.2.2">>},1},
 {<<"elli">>,{pkg,<<"elli">>,<<"2.0.1">>},0},
 {<<"elli_prometheus">>,{pkg,<<"elli_prometheus">>,<<"0.1.1">>},0},
 {<<"erlware_commons">>,{pkg,<<"erlware_commons">>,<<"1.0.0">>},0},
 {<<"goldrush">>,{pkg,<<"goldrush">>,<<"0.1.9">>},1},
 {<<"granderl">>,{pkg,<<"granderl">>,<<"0.1.5">>},1},
 {<<"lager">>,{pkg,<<"lager">>,<<"3.5.1">>},0},
 {<<"metal">>,{pkg,<<"metal">>,<<"0.1.0">>},1},
 {<<"partisan">>,
  {git,"https://github.com/lasp-lang/partisan.git",
       {ref,"b1891d4669e9bef941950d86a9a1c37528749936"}},
  0},
 {<<"prometheus">>,{pkg,<<"prometheus">>,<<"3.4.0">>},0},
 {<<"rand_compat">>,{pkg,<<"rand_compat">>,<<"0.0.1">>},1},
 {<<"shackle">>,{pkg,<<"shackle">>,<<"0.5.1">>},0},
 {<<"time_compat">>,{pkg,<<"time_compat">>,<<"0.0.1">>},1},
 {<<"types">>,{pkg,<<"types">>,<<"0.1.6">>},1}]}.
[
{pkg_hash,[
 {<<"accept">>, <<"2505B60BCB992CA79BD03AB7B8FEC8A520A47D9730F286DF1A479CC98B03F94B">>},
 {<<"acceptor_pool">>, <<"679D741DF87FC13599B1AEF2DF8F78F1F880449A6BEFAB7C44FB6FAE0E92A2DE">>},
 {<<"cf">>, <<"7F2913FFF90ABCABD0F489896CFEB0B0674F6C8DF6C10B17A83175448029896C">>},
 {<<"elli">>, <<"A4DF67A5FB223DAA37FB7080B262CB7BEB9F2B673B5172AF331FE8D8C26B5268">>},
 {<<"elli_prometheus">>, <<"FF41EA8D88D1EBD1CD7A6D43FCC02B33B47FF20272C097B9D3A3CCCD79980C05">>},
 {<<"erlware_commons">>, <<"087467DE5833C0BB5B3CCDD387F9E9C1FB816A75B7A709629BF24B5ED3246C51">>},
 {<<"goldrush">>, <<"F06E5D5F1277DA5C413E84D5A2924174182FB108DABB39D5EC548B27424CD106">>},
 {<<"granderl">>, <<"F20077A68BD80B8D8783BD15A052813C6483771DEC1A5B837D307CBE92F14122">>},
 {<<"lager">>, <<"63897A61AF646C59BB928FEE9756CE8BDD02D5A1A2F3551D4A5E38386C2CC071">>},
 {<<"metal">>, <<"168E0AB553E3B8144547E353085CEDAA43C8769E0B7E43C0146C99C2C33507AC">>},
 {<<"prometheus">>, <<"91759726F2E384DF2EF48DAF039D506705A7AA81DCBBB2DBFFEE1FD0C5431D32">>},
 {<<"rand_compat">>, <<"624B590931D27252D0BCF710211699DB3695540706F57D2E91B918A17AB58839">>},
 {<<"shackle">>, <<"D32906B49BDF030127558778F2E5CEE9D7F10C55DD40E25DA51381EADA719CBF">>},
 {<<"time_compat">>, <<"23FE0AD1FDF3B5B88821B2D04B4B5E865BF587AE66056D671FE0F53514ED8139">>},
 {<<"types">>, <<"03BB7140016C896D3441A77CB0B7D6ACAA583D6D6E9C4A3E1FD3C25123710290">>}]}
].
